# Generated by pub
# See http://pub.dartlang.org/doc/glossary.html#lockfile
packages:
  dartlero:
    description:
      ref: null
      resolved-ref: "444e0c4ff97e4913b01722e4b448800d293fba52"
      url: "git://github.com/dzenanr/dartlero.git"
    source: git
    version: "0.1.0"
  meta:
    description: meta
    source: hosted
    version: "0.7.3+1"
  path:
    description: path
    source: hosted
    version: "0.7.3+1"
  stack_trace:
    description: stack_trace
    source: hosted
    version: "0.7.3+1"
  unittest:
    description: unittest
    source: hosted
    version: "0.7.3+1"
